
Microsoft Visual Studio Solution File, Format Version 12.00
# Visual Studio Version 17
VisualStudioVersion = 17.2.32602.215
MinimumVisualStudioVersion = 10.0.40219.1
Project("{9A19103F-16F7-4668-BE54-9A1E7A4F7556}") = "Telemetry_app", "Telemetry_app.csproj", "{D2EF6218-978F-4369-836E-3949DF6E270A}"
EndProject
Project("{2150E333-8FDC-42A3-9474-1A3956D46DE8}") = "Solution Items", "Solution Items", "{3B5984BC-CD25-4C3F-B23A-D3C5A630FE89}"
	ProjectSection(SolutionItems) = preProject
		.editorconfig = .editorconfig
	EndProjectSection
EndProject
Global
	GlobalSection(SolutionConfigurationPlatforms) = preSolution
		Debug|Any CPU = Debug|Any CPU
		Release|Any CPU = Release|Any CPU
	EndGlobalSection
	GlobalSection(ProjectConfigurationPlatforms) = postSolution
		{D2EF6218-978F-4369-836E-3949DF6E270A}.Debug|Any CPU.ActiveCfg = Debug|Any CPU
		{D2EF6218-978F-4369-836E-3949DF6E270A}.Debug|Any CPU.Build.0 = Debug|Any CPU
		{D2EF6218-978F-4369-836E-3949DF6E270A}.Release|Any CPU.ActiveCfg = Release|Any CPU
		{D2EF6218-978F-4369-836E-3949DF6E270A}.Release|Any CPU.Build.0 = Release|Any CPU
	EndGlobalSection
	GlobalSection(SolutionProperties) = preSolution
		HideSolutionNode = FALSE
	EndGlobalSection
	GlobalSection(ExtensibilityGlobals) = postSolution
		SolutionGuid = {B7476239-E817-4CAF-B055-0315E51024A6}
	EndGlobalSection
EndGlobal
